// !$*UTF8*$!
{
	archiveVersion = 1;
	classes = {
	};
	objectVersion = 46;
	objects = {

/* Begin PBXBuildFile section */
		A5028A4A1E97DE25007956FD /* main.m in Sources */ = {isa = PBXBuildFile; fileRef = A5028A491E97DE25007956FD /* main.m */; };
		A5028A4D1E97DE25007956FD /* AppDelegate.m in Sources */ = {isa = PBXBuildFile; fileRef = A5028A4C1E97DE25007956FD /* AppDelegate.m */; };
		A5028A501E97DE25007956FD /* ViewController.m in Sources */ = {isa = PBXBuildFile; fileRef = A5028A4F1E97DE25007956FD /* ViewController.m */; };
		A5028A531E97DE25007956FD /* Main.storyboard in Resources */ = {isa = PBXBuildFile; fileRef = A5028A511E97DE25007956FD /* Main.storyboard */; };
		A5028A551E97DE25007956FD /* Assets.xcassets in Resources */ = {isa = PBXBuildFile; fileRef = A5028A541E97DE25007956FD /* Assets.xcassets */; };
		A5028A581E97DE25007956FD /* LaunchScreen.storyboard in Resources */ = {isa = PBXBuildFile; fileRef = A5028A561E97DE25007956FD /* LaunchScreen.storyboard */; };
		A5028A631E97DE25007956FD /* JumpStarDemoTests.m in Sources */ = {isa = PBXBuildFile; fileRef = A5028A621E97DE25007956FD /* JumpStarDemoTests.m */; };
		A5028A6E1E97DE25007956FD /* JumpStarDemoUITests.m in Sources */ = {isa = PBXBuildFile; fileRef = A5028A6D1E97DE25007956FD /* JumpStarDemoUITests.m */; };
		A5028A7D1E97DEE0007956FD /* JumpStarView.m in Sources */ = {isa = PBXBuildFile; fileRef = A5028A7C1E97DEE0007956FD /* JumpStarView.m */; };
/* End PBXBuildFile section */

/* Begin PBXContainerItemProxy section */
		A5028A5F1E97DE25007956FD /* PBXContainerItemProxy */ = {
			isa = PBXContainerItemProxy;
			containerPortal = A5028A3D1E97DE25007956FD /* Project object */;
			proxyType = 1;
			remoteGlobalIDString = A5028A441E97DE25007956FD;
			remoteInfo = JumpStarDemo;
		};
		A5028A6A1E97DE25007956FD /* PBXContainerItemProxy */ = {
			isa = PBXContainerItemProxy;
			containerPortal = A5028A3D1E97DE25007956FD /* Project object */;
			proxyType = 1;
			remoteGlobalIDString = A5028A441E97DE25007956FD;
			remoteInfo = JumpStarDemo;
		};
/* End PBXContainerItemProxy section */

/* Begin PBXFileReference section */
		A5028A451E97DE25007956FD /* JumpStarDemo.app */ = {isa = PBXFileReference; explicitFileType = wrapper.application; includeInIndex = 0; path = JumpStarDemo.app; sourceTree = BUILT_PRODUCTS_DIR; };
		A5028A491E97DE25007956FD /* main.m */ = {isa = PBXFileReference; lastKnownFileType = sourcecode.c.objc; path = main.m; sourceTree = "<group>"; };
		A5028A4B1E97DE25007956FD /* AppDelegate.h */ = {isa = PBXFileReference; lastKnownFileType = sourcecode.c.h; path = AppDelegate.h; sourceTree = "<group>"; };
		A5028A4C1E97DE25007956FD /* AppDelegate.m */ = {isa = PBXFileReference; lastKnownFileType = sourcecode.c.objc; path = AppDelegate.m; sourceTree = "<group>"; };
		A5028A4E1E97DE25007956FD /* ViewController.h */ = {isa = PBXFileReference; lastKnownFileType = sourcecode.c.h; path = ViewController.h; sourceTree = "<group>"; };
		A5028A4F1E97DE25007956FD /* ViewController.m */ = {isa = PBXFileReference; lastKnownFileType = sourcecode.c.objc; path = ViewController.m; sourceTree = "<group>"; };
		A5028A521E97DE25007956FD /* Base */ = {isa = PBXFileReference; lastKnownFileType = file.storyboard; name = Base; path = Base.lproj/Main.storyboard; sourceTree = "<group>"; };
		A5028A541E97DE25007956FD /* Assets.xcassets */ = {isa = PBXFileReference; lastKnownFileType = folder.assetcatalog; path = Assets.xcassets; sourceTree = "<group>"; };
		A5028A571E97DE25007956FD /* Base */ = {isa = PBXFileReference; lastKnownFileType = file.storyboard; name = Base; path = Base.lproj/LaunchScreen.storyboard; sourceTree = "<group>"; };
		A5028A591E97DE25007956FD /* Info.plist */ = {isa = PBXFileReference; lastKnownFileType = text.plist.xml; path = Info.plist; sourceTree = "<group>"; };
		A5028A5E1E97DE25007956FD /* JumpStarDemoTests.xctest */ = {isa = PBXFileReference; explicitFileType = wrapper.cfbundle; includeInIndex = 0; path = JumpStarDemoTests.xctest; sourceTree = BUILT_PRODUCTS_DIR; };
		A5028A621E97DE25007956FD /* JumpStarDemoTests.m */ = {isa = PBXFileReference; lastKnownFileType = sourcecode.c.objc; path = JumpStarDemoTests.m; sourceTree = "<group>"; };
		A5028A641E97DE25007956FD /* Info.plist */ = {isa = PBXFileReference; lastKnownFileType = text.plist.xml; path = Info.plist; sourceTree = "<group>"; };
		A5028A691E97DE25007956FD /* JumpStarDemoUITests.xctest */ = {isa = PBXFileReference; explicitFileType = wrapper.cfbundle; includeInIndex = 0; path = JumpStarDemoUITests.xctest; sourceTree = BUILT_PRODUCTS_DIR; };
		A5028A6D1E97DE25007956FD /* JumpStarDemoUITests.m */ = {isa = PBXFileReference; lastKnownFileType = sourcecode.c.objc; path = JumpStarDemoUITests.m; sourceTree = "<group>"; };
		A5028A6F1E97DE25007956FD /* Info.plist */ = {isa = PBXFileReference; lastKnownFileType = text.plist.xml; path = Info.plist; sourceTree = "<group>"; };
		A5028A7B1E97DEE0007956FD /* JumpStarView.h */ = {isa = PBXFileReference; fileEncoding = 4; lastKnownFileType = sourcecode.c.h; path = JumpStarView.h; sourceTree = "<group>"; };
		A5028A7C1E97DEE0007956FD /* JumpStarView.m */ = {isa = PBXFileReference; fileEncoding = 4; lastKnownFileType = sourcecode.c.objc; path = JumpStarView.m; sourceTree = "<group>"; };
/* End PBXFileReference section */

/* Begin PBXFrameworksBuildPhase section */
		A5028A421E97DE25007956FD /* Frameworks */ = {
			isa = PBXFrameworksBuildPhase;
			buildActionMask = 2147483647;
			files = (
			);
			runOnlyForDeploymentPostprocessing = 0;
		};
		A5028A5B1E97DE25007956FD /* Frameworks */ = {
			isa = PBXFrameworksBuildPhase;
			buildActionMask = 2147483647;
			files = (
			);
			runOnlyForDeploymentPostprocessing = 0;
		};
		A5028A661E97DE25007956FD /* Frameworks */ = {
			isa = PBXFrameworksBuildPhase;
			buildActionMask = 2147483647;
			files = (
			);
			runOnlyForDeploymentPostprocessing = 0;
		};
/* End PBXFrameworksBuildPhase section */

/* Begin PBXGroup section */
		A5028A3C1E97DE25007956FD = {
			isa = PBXGroup;
			children = (
				A5028A471E97DE25007956FD /* JumpStarDemo */,
				A5028A611E97DE25007956FD /* JumpStarDemoTests */,
				A5028A6C1E97DE25007956FD /* JumpStarDemoUITests */,
				A5028A461E97DE25007956FD /* Products */,
			);
			sourceTree = "<group>";
		};
		A5028A461E97DE25007956FD /* Products */ = {
			isa = PBXGroup;
			children = (
				A5028A451E97DE25007956FD /* JumpStarDemo.app */,
				A5028A5E1E97DE25007956FD /* JumpStarDemoTests.xctest */,
				A5028A691E97DE25007956FD /* JumpStarDemoUITests.xctest */,
			);
			name = Products;
			sourceTree = "<group>";
		};
		A5028A471E97DE25007956FD /* JumpStarDemo */ = {
			isa = PBXGroup;
			children = (
				A5028A4B1E97DE25007956FD /* AppDelegate.h */,
				A5028A4C1E97DE25007956FD /* AppDelegate.m */,
				A5028A4E1E97DE25007956FD /* ViewController.h */,
				A5028A4F1E97DE25007956FD /* ViewController.m */,
				A5028A511E97DE25007956FD /* Main.storyboard */,
				A5028A541E97DE25007956FD /* Assets.xcassets */,
				A5028A561E97DE25007956FD /* LaunchScreen.storyboard */,
				A5028A591E97DE25007956FD /* Info.plist */,
				A5028A481E97DE25007956FD /* Supporting Files */,
				A5028A7B1E97DEE0007956FD /* JumpStarView.h */,
				A5028A7C1E97DEE0007956FD /* JumpStarView.m */,
			);
			path = JumpStarDemo;
			sourceTree = "<group>";
		};
		A5028A481E97DE25007956FD /* Supporting Files */ = {
			isa = PBXGroup;
			children = (
				A5028A491E97DE25007956FD /* main.m */,
			);
			name = "Supporting Files";
			sourceTree = "<group>";
		};
		A5028A611E97DE25007956FD /* JumpStarDemoTests */ = {
			isa = PBXGroup;
			children = (
				A5028A621E97DE25007956FD /* JumpStarDemoTests.m */,
				A5028A641E97DE25007956FD /* Info.plist */,
			);
			path = JumpStarDemoTests;
			sourceTree = "<group>";
		};
		A5028A6C1E97DE25007956FD /* JumpStarDemoUITests */ = {
			isa = PBXGroup;
			children = (
				A5028A6D1E97DE25007956FD /* JumpStarDemoUITests.m */,
				A5028A6F1E97DE25007956FD /* Info.plist */,
			);
			path = JumpStarDemoUITests;
			sourceTree = "<group>";
		};
/* End PBXGroup section */

/* Begin PBXNativeTarget section */
		A5028A441E97DE25007956FD /* JumpStarDemo */ = {
			isa = PBXNativeTarget;
			buildConfigurationList = A5028A721E97DE25007956FD /* Build configuration list for PBXNativeTarget "JumpStarDemo" */;
			buildPhases = (
				A5028A411E97DE25007956FD /* Sources */,
				A5028A421E97DE25007956FD /* Frameworks */,
				A5028A431E97DE25007956FD /* Resources */,
			);
			buildRules = (
			);
			dependencies = (
			);
			name = JumpStarDemo;
			productName = JumpStarDemo;
			productReference = A5028A451E97DE25007956FD /* JumpStarDemo.app */;
			productType = "com.apple.product-type.application";
		};
		A5028A5D1E97DE25007956FD /* JumpStarDemoTests */ = {
			isa = PBXNativeTarget;
			buildConfigurationList = A5028A751E97DE25007956FD /* Build configuration list for PBXNativeTarget "JumpStarDemoTests" */;
			buildPhases = (
				A5028A5A1E97DE25007956FD /* Sources */,
				A5028A5B1E97DE25007956FD /* Frameworks */,
				A5028A5C1E97DE25007956FD /* Resources */,
			);
			buildRules = (
			);
			dependencies = (
				A5028A601E97DE25007956FD /* PBXTargetDependency */,
			);
			name = JumpStarDemoTests;
			productName = JumpStarDemoTests;
			productReference = A5028A5E1E97DE25007956FD /* JumpStarDemoTests.xctest */;
			productType = "com.apple.product-type.bundle.unit-test";
		};
		A5028A681E97DE25007956FD /* JumpStarDemoUITests */ = {
			isa = PBXNativeTarget;
			buildConfigurationList = A5028A781E97DE25007956FD /* Build configuration list for PBXNativeTarget "JumpStarDemoUITests" */;
			buildPhases = (
				A5028A651E97DE25007956FD /* Sources */,
				A5028A661E97DE25007956FD /* Frameworks */,
				A5028A671E97DE25007956FD /* Resources */,
			);
			buildRules = (
			);
			dependencies = (
				A5028A6B1E97DE25007956FD /* PBXTargetDependency */,
			);
			name = JumpStarDemoUITests;
			productName = JumpStarDemoUITests;
			productReference = A5028A691E97DE25007956FD /* JumpStarDemoUITests.xctest */;
			productType = "com.apple.product-type.bundle.ui-testing";
		};
/* End PBXNativeTarget section */

/* Begin PBXProject section */
		A5028A3D1E97DE25007956FD /* Project object */ = {
			isa = PBXProject;
			attributes = {
				LastUpgradeCheck = 0830;
				ORGANIZATIONNAME = Myron;
				TargetAttributes = {
					A5028A441E97DE25007956FD = {
						CreatedOnToolsVersion = 8.3.1;
						ProvisioningStyle = Automatic;
					};
					A5028A5D1E97DE25007956FD = {
						CreatedOnToolsVersion = 8.3.1;
						ProvisioningStyle = Automatic;
						TestTargetID = A5028A441E97DE25007956FD;
					};
					A5028A681E97DE25007956FD = {
						CreatedOnToolsVersion = 8.3.1;
						ProvisioningStyle = Automatic;
						TestTargetID = A5028A441E97DE25007956FD;
					};
				};
			};
			buildConfigurationList = A5028A401E97DE25007956FD /* Build configuration list for PBXProject "JumpStarDemo" */;
			compatibilityVersion = "Xcode 3.2";
			developmentRegion = English;
			hasScannedForEncodings = 0;
			knownRegions = (
				en,
				Base,
			);
			mainGroup = A5028A3C1E97DE25007956FD;
			productRefGroup = A5028A461E97DE25007956FD /* Products */;
			projectDirPath = "";
			projectRoot = "";
			targets = (
				A5028A441E97DE25007956FD /* JumpStarDemo */,
				A5028A5D1E97DE25007956FD /* JumpStarDemoTests */,
				A5028A681E97DE25007956FD /* JumpStarDemoUITests */,
			);
		};
/* End PBXProject section */

/* Begin PBXResourcesBuildPhase section */
		A5028A431E97DE25007956FD /* Resources */ = {
			isa = PBXResourcesBuildPhase;
			buildActionMask = 2147483647;
			files = (
				A5028A581E97DE25007956FD /* LaunchScreen.storyboard in Resources */,
				A5028A551E97DE25007956FD /* Assets.xcassets in Resources */,
				A5028A531E97DE25007956FD /* Main.storyboard in Resources */,
			);
			runOnlyForDeploymentPostprocessing = 0;
		};
		A5028A5C1E97DE25007956FD /* Resources */ = {
			isa = PBXResourcesBuildPhase;
			buildActionMask = 2147483647;
			files = (
			);
			runOnlyForDeploymentPostprocessing = 0;
		};
		A5028A671E97DE25007956FD /* Resources */ = {
			isa = PBXResourcesBuildPhase;
			buildActionMask = 2147483647;
			files = (
			);
			runOnlyForDeploymentPostprocessing = 0;
		};
/* End PBXResourcesBuildPhase section */

/* Begin PBXSourcesBuildPhase section */
		A5028A411E97DE25007956FD /* Sources */ = {
			isa = PBXSourcesBuildPhase;
			buildActionMask = 2147483647;
			files = (
				A5028A501E97DE25007956FD /* ViewController.m in Sources */,
				A5028A4D1E97DE25007956FD /* AppDelegate.m in Sources */,
				A5028A7D1E97DEE0007956FD /* JumpStarView.m in Sources */,
				A5028A4A1E97DE25007956FD /* main.m in Sources */,
			);
			runOnlyForDeploymentPostprocessing = 0;
		};
		A5028A5A1E97DE25007956FD /* Sources */ = {
			isa = PBXSourcesBuildPhase;
			buildActionMask = 2147483647;
			files = (
				A5028A631E97DE25007956FD /* JumpStarDemoTests.m in Sources */,
			);
			runOnlyForDeploymentPostprocessing = 0;
		};
		A5028A651E97DE25007956FD /* Sources */ = {
			isa = PBXSourcesBuildPhase;
			buildActionMask = 2147483647;
			files = (
				A5028A6E1E97DE25007956FD /* JumpStarDemoUITests.m in Sources */,
			);
			runOnlyForDeploymentPostprocessing = 0;
		};
/* End PBXSourcesBuildPhase section */

/* Begin PBXTargetDependency section */
		A5028A601E97DE25007956FD /* PBXTargetDependency */ = {
			isa = PBXTargetDependency;
			target = A5028A441E97DE25007956FD /* JumpStarDemo */;
			targetProxy = A5028A5F1E97DE25007956FD /* PBXContainerItemProxy */;
		};
		A5028A6B1E97DE25007956FD /* PBXTargetDependency */ = {
			isa = PBXTargetDependency;
			target = A5028A441E97DE25007956FD /* JumpStarDemo */;
			targetProxy = A5028A6A1E97DE25007956FD /* PBXContainerItemProxy */;
		};
/* End PBXTargetDependency section */

/* Begin PBXVariantGroup section */
		A5028A511E97DE25007956FD /* Main.storyboard */ = {
			isa = PBXVariantGroup;
			children = (
				A5028A521E97DE25007956FD /* Base */,
			);
			name = Main.storyboard;
			sourceTree = "<group>";
		};
		A5028A561E97DE25007956FD /* LaunchScreen.storyboard */ = {
			isa = PBXVariantGroup;
			children = (
				A5028A571E97DE25007956FD /* Base */,
			);
			name = LaunchScreen.storyboard;
			sourceTree = "<group>";
		};
/* End PBXVariantGroup section */

/* Begin XCBuildConfiguration section */
		A5028A701E97DE25007956FD /* Debug */ = {
			isa = XCBuildConfiguration;
			buildSettings = {
				ALWAYS_SEARCH_USER_PATHS = NO;
				CLANG_ANALYZER_NONNULL = YES;
				CLANG_ANALYZER_NUMBER_OBJECT_CONVERSION = YES_AGGRESSIVE;
				CLANG_CXX_LANGUAGE_STANDARD = "gnu++0x";
				CLANG_CXX_LIBRARY = "libc++";
				CLANG_ENABLE_MODULES = YES;
				CLANG_ENABLE_OBJC_ARC = YES;
				CLANG_WARN_BOOL_CONVERSION = YES;
				CLANG_WARN_CONSTANT_CONVERSION = YES;
				CLANG_WARN_DIRECT_OBJC_ISA_USAGE = YES_ERROR;
				CLANG_WARN_DOCUMENTATION_COMMENTS = YES;
				CLANG_WARN_EMPTY_BODY = YES;
				CLANG_WARN_ENUM_CONVERSION = YES;
				CLANG_WARN_INFINITE_RECURSION = YES;
				CLANG_WARN_INT_CONVERSION = YES;
				CLANG_WARN_OBJC_ROOT_CLASS = YES_ERROR;
				CLANG_WARN_SUSPICIOUS_MOVE = YES;
				CLANG_WARN_UNREACHABLE_CODE = YES;
				CLANG_WARN__DUPLICATE_METHOD_MATCH = YES;
				"CODE_SIGN_IDENTITY[sdk=iphoneos*]" = "iPhone Developer";
				COPY_PHASE_STRIP = NO;
				DEBUG_INFORMATION_FORMAT = dwarf;
				ENABLE_STRICT_OBJC_MSGSEND = YES;
				ENABLE_TESTABILITY = YES;
				GCC_C_LANGUAGE_STANDARD = gnu99;
				GCC_DYNAMIC_NO_PIC = NO;
				GCC_NO_COMMON_BLOCKS = YES;
				GCC_OPTIMIZATION_LEVEL = 0;
				GCC_PREPROCESSOR_DEFINITIONS = (
					"DEBUG=1",
					"$(inherited)",
				);
				GCC_WARN_64_TO_32_BIT_CONVERSION = YES;
				GCC_WARN_ABOUT_RETURN_TYPE = YES_ERROR;
				GCC_WARN_UNDECLARED_SELECTOR = YES;
				GCC_WARN_UNINITIALIZED_AUTOS = YES_AGGRESSIVE;
				GCC_WARN_UNUSED_FUNCTION = YES;
				GCC_WARN_UNUSED_VARIABLE = YES;
				IPHONEOS_DEPLOYMENT_TARGET = 10.3;
				MTL_ENABLE_DEBUG_INFO = YES;
				ONLY_ACTIVE_ARCH = YES;
				SDKROOT = iphoneos;
				TARGETED_DEVICE_FAMILY = "1,2";
			};
			name = Debug;
		};
		A5028A711E97DE25007956FD /* Release */ = {
			isa = XCBuildConfiguration;
			buildSettings = {
				ALWAYS_SEARCH_USER_PATHS = NO;
				CLANG_ANALYZER_NONNULL = YES;
				CLANG_ANALYZER_NUMBER_OBJECT_CONVERSION = YES_AGGRESSIVE;
				CLANG_CXX_LANGUAGE_STANDARD = "gnu++0x";
				CLANG_CXX_LIBRARY = "libc++";
				CLANG_ENABLE_MODULES = YES;
				CLANG_ENABLE_OBJC_ARC = YES;
				CLANG_WARN_BOOL_CONVERSION = YES;
				CLANG_WARN_CONSTANT_CONVERSION = YES;
				CLANG_WARN_DIRECT_OBJC_ISA_USAGE = YES_ERROR;
				CLANG_WARN_DOCUMENTATION_COMMENTS = YES;
				CLANG_WARN_EMPTY_BODY = YES;
				CLANG_WARN_ENUM_CONVERSION = YES;
				CLANG_WARN_INFINITE_RECURSION = YES;
				CLANG_WARN_INT_CONVERSION = YES;
				CLANG_WARN_OBJC_ROOT_CLASS = YES_ERROR;
				CLANG_WARN_SUSPICIOUS_MOVE = YES;
				CLANG_WARN_UNREACHABLE_CODE = YES;
				CLANG_WARN__DUPLICATE_METHOD_MATCH = YES;
				"CODE_SIGN_IDENTITY[sdk=iphoneos*]" = "iPhone Developer";
				COPY_PHASE_STRIP = NO;
				DEBUG_INFORMATION_FORMAT = "dwarf-with-dsym";
				ENABLE_NS_ASSERTIONS = NO;
				ENABLE_STRICT_OBJC_MSGSEND = YES;
				GCC_C_LANGUAGE_STANDARD = gnu99;
				GCC_NO_COMMON_BLOCKS = YES;
				GCC_WARN_64_TO_32_BIT_CONVERSION = YES;
				GCC_WARN_ABOUT_RETURN_TYPE = YES_ERROR;
				GCC_WARN_UNDECLARED_SELECTOR = YES;
				GCC_WARN_UNINITIALIZED_AUTOS = YES_AGGRESSIVE;
				GCC_WARN_UNUSED_FUNCTION = YES;
				GCC_WARN_UNUSED_VARIABLE = YES;
				IPHONEOS_DEPLOYMENT_TARGET = 10.3;
				MTL_ENABLE_DEBUG_INFO = NO;
				SDKROOT = iphoneos;
				TARGETED_DEVICE_FAMILY = "1,2";
				VALIDATE_PRODUCT = YES;
			};
			name = Release;
		};
		A5028A731E97DE25007956FD /* Debug */ = {
			isa = XCBuildConfiguration;
			buildSettings = {
				ASSETCATALOG_COMPILER_APPICON_NAME = AppIcon;
				INFOPLIST_FILE = JumpStarDemo/Info.plist;
				IPHONEOS_DEPLOYMENT_TARGET = 10.2;
				LD_RUNPATH_SEARCH_PATHS = "$(inherited) @executable_path/Frameworks";
				PRODUCT_BUNDLE_IDENTIFIER = myron.JumpStarDemo;
				PRODUCT_NAME = "$(TARGET_NAME)";
			};
			name = Debug;
		};
		A5028A741E97DE25007956FD /* Release */ = {
			isa = XCBuildConfiguration;
			buildSettings = {
				ASSETCATALOG_COMPILER_APPICON_NAME = AppIcon;
				INFOPLIST_FILE = JumpStarDemo/Info.plist;
				IPHONEOS_DEPLOYMENT_TARGET = 10.2;
				LD_RUNPATH_SEARCH_PATHS = "$(inherited) @executable_path/Frameworks";
				PRODUCT_BUNDLE_IDENTIFIER = myron.JumpStarDemo;
				PRODUCT_NAME = "$(TARGET_NAME)";
			};
			name = Release;
		};
		A5028A761E97DE25007956FD /* Debug */ = {
			isa = XCBuildConfiguration;
			buildSettings = {
				BUNDLE_LOADER = "$(TEST_HOST)";
				INFOPLIST_FILE = JumpStarDemoTests/Info.plist;
				LD_RUNPATH_SEARCH_PATHS = "$(inherited) @executable_path/Frameworks @loader_path/Frameworks";
				PRODUCT_BUNDLE_IDENTIFIER = myron.JumpStarDemoTests;
				PRODUCT_NAME = "$(TARGET_NAME)";
				TEST_HOST = "$(BUILT_PRODUCTS_DIR)/JumpStarDemo.app/JumpStarDemo";
			};
			name = Debug;
		};
		A5028A771E97DE25007956FD /* Release */ = {
			isa = XCBuildConfiguration;
			buildSettings = {
				BUNDLE_LOADER = "$(TEST_HOST)";
				INFOPLIST_FILE = JumpStarDemoTests/Info.plist;
				LD_RUNPATH_SEARCH_PATHS = "$(inherited) @executable_path/Frameworks @loader_path/Frameworks";
				PRODUCT_BUNDLE_IDENTIFIER = myron.JumpStarDemoTests;
				PRODUCT_NAME = "$(TARGET_NAME)";
				TEST_HOST = "$(BUILT_PRODUCTS_DIR)/JumpStarDemo.app/JumpStarDemo";
			};
			name = Release;
		};
		A5028A791E97DE25007956FD /* Debug */ = {
			isa = XCBuildConfiguration;
			buildSettings = {
				INFOPLIST_FILE = JumpStarDemoUITests/Info.plist;
				LD_RUNPATH_SEARCH_PATHS = "$(inherited) @executable_path/Frameworks @loader_path/Frameworks";
				PRODUCT_BUNDLE_IDENTIFIER = myron.JumpStarDemoUITests;
				PRODUCT_NAME = "$(TARGET_NAME)";
				TEST_TARGET_NAME = JumpStarDemo;
			};
			name = Debug;
		};
		A5028A7A1E97DE25007956FD /* Release */ = {
			isa = XCBuildConfiguration;
			buildSettings = {
				INFOPLIST_FILE = JumpStarDemoUITests/Info.plist;
				LD_RUNPATH_SEARCH_PATHS = "$(inherited) @executable_path/Frameworks @loader_path/Frameworks";
				PRODUCT_BUNDLE_IDENTIFIER = myron.JumpStarDemoUITests;
				PRODUCT_NAME = "$(TARGET_NAME)";
				TEST_TARGET_NAME = JumpStarDemo;
			};
			name = Release;
		};
/* End XCBuildConfiguration section */

/* Begin XCConfigurationList section */
		A5028A401E97DE25007956FD /* Build configuration list for PBXProject "JumpStarDemo" */ = {
			isa = XCConfigurationList;
			buildConfigurations = (
				A5028A701E97DE25007956FD /* Debug */,
				A5028A711E97DE25007956FD /* Release */,
			);
			defaultConfigurationIsVisible = 0;
			defaultConfigurationName = Release;
		};
		A5028A721E97DE25007956FD /* Build configuration list for PBXNativeTarget "JumpStarDemo" */ = {
			isa = XCConfigurationList;
			buildConfigurations = (
				A5028A731E97DE25007956FD /* Debug */,
				A5028A741E97DE25007956FD /* Release */,
			);
			defaultConfigurationIsVisible = 0;
			defaultConfigurationName = Release;
		};
		A5028A751E97DE25007956FD /* Build configuration list for PBXNativeTarget "JumpStarDemoTests" */ = {
			isa = XCConfigurationList;
			buildConfigurations = (
				A5028A761E97DE25007956FD /* Debug */,
				A5028A771E97DE25007956FD /* Release */,
			);
			defaultConfigurationIsVisible = 0;
			defaultConfigurationName = Release;
		};
		A5028A781E97DE25007956FD /* Build configuration list for PBXNativeTarget "JumpStarDemoUITests" */ = {
			isa = XCConfigurationList;
			buildConfigurations = (
				A5028A791E97DE25007956FD /* Debug */,
				A5028A7A1E97DE25007956FD /* Release */,
			);
			defaultConfigurationIsVisible = 0;
			defaultConfigurationName = Release;
		};
/* End XCConfigurationList section */
	};
	rootObject = A5028A3D1E97DE25007956FD /* Project object */;
}
